// !$*UTF8*$!
{
	archiveVersion = 1;
	classes = {
	};
	objectVersion = 56;
	objects = {

/* Begin PBXBuildFile section */
		7C0224FE2B63C270006AB680 /* UIColor.swift in Sources */ = {isa = PBXBuildFile; fileRef = 7C0224FD2B63C270006AB680 /* UIColor.swift */; };
		7C0225002B6674C1006AB680 /* AstralStageEditorPathData.swift in Sources */ = {isa = PBXBuildFile; fileRef = 7C0224FF2B6674C1006AB680 /* AstralStageEditorPathData.swift */; };
		7C04C9FB2B2CBF0D00E91357 /* AstralPathNodeProtocol.swift in Sources */ = {isa = PBXBuildFile; fileRef = 7C04C9FA2B2CBF0D00E91357 /* AstralPathNodeProtocol.swift */; };
		7C0711F32B3B78B8009B6F48 /* AstralEnemyConfiguration.swift in Sources */ = {isa = PBXBuildFile; fileRef = 7C0711F22B3B78B8009B6F48 /* AstralEnemyConfiguration.swift */; };
		7C0711F52B3B79FC009B6F48 /* AstralGlobalEnemyConfiguration.swift in Sources */ = {isa = PBXBuildFile; fileRef = 7C0711F42B3B79FC009B6F48 /* AstralGlobalEnemyConfiguration.swift */; };
		7C0711F72B3B7FA6009B6F48 /* fighter2.atlas in Resources */ = {isa = PBXBuildFile; fileRef = 7C0711F62B3B7FA6009B6F48 /* fighter2.atlas */; };
		7C1F5C0429FD316300DB6438 /* AppDelegate.swift in Sources */ = {isa = PBXBuildFile; fileRef = 7C1F5C0329FD316300DB6438 /* AppDelegate.swift */; };
		7C1F5C0829FD316300DB6438 /* Actions.sks in Resources */ = {isa = PBXBuildFile; fileRef = 7C1F5C0729FD316300DB6438 /* Actions.sks */; };
		7C1F5C0C29FD316300DB6438 /* GameViewController.swift in Sources */ = {isa = PBXBuildFile; fileRef = 7C1F5C0B29FD316300DB6438 /* GameViewController.swift */; };
		7C1F5C0F29FD316300DB6438 /* Main.storyboard in Resources */ = {isa = PBXBuildFile; fileRef = 7C1F5C0D29FD316300DB6438 /* Main.storyboard */; };
		7C1F5C1129FD316400DB6438 /* Assets.xcassets in Resources */ = {isa = PBXBuildFile; fileRef = 7C1F5C1029FD316400DB6438 /* Assets.xcassets */; };
		7C1F5C1429FD316400DB6438 /* LaunchScreen.storyboard in Resources */ = {isa = PBXBuildFile; fileRef = 7C1F5C1229FD316400DB6438 /* LaunchScreen.storyboard */; };
		7C1F5C1E29FD316400DB6438 /* astralTests.swift in Sources */ = {isa = PBXBuildFile; fileRef = 7C1F5C1D29FD316400DB6438 /* astralTests.swift */; };
		7C1F5C2829FD316400DB6438 /* astralUITests.swift in Sources */ = {isa = PBXBuildFile; fileRef = 7C1F5C2729FD316400DB6438 /* astralUITests.swift */; };
		7C1F5C2A29FD316400DB6438 /* astralUITestsLaunchTests.swift in Sources */ = {isa = PBXBuildFile; fileRef = 7C1F5C2929FD316400DB6438 /* astralUITestsLaunchTests.swift */; };
		7C1F5C3A29FD326E00DB6438 /* GameScene.sks in Resources */ = {isa = PBXBuildFile; fileRef = 7C1F5C3929FD326E00DB6438 /* GameScene.sks */; };
		7C1F5C3C29FD35C800DB6438 /* AstralPlayer.swift in Sources */ = {isa = PBXBuildFile; fileRef = 7C1F5C3B29FD35C800DB6438 /* AstralPlayer.swift */; };
		7C1F5C3E29FD36B100DB6438 /* AstralPolarity.swift in Sources */ = {isa = PBXBuildFile; fileRef = 7C1F5C3D29FD36B100DB6438 /* AstralPolarity.swift */; };
		7C24D1CE2A582C61004D1DE7 /* AstralMainMenuBackground.swift in Sources */ = {isa = PBXBuildFile; fileRef = 7C24D1CD2A582C61004D1DE7 /* AstralMainMenuBackground.swift */; };
		7C24D1DF2A595CAF004D1DE7 /* MainMenuBackground02.atlas in Resources */ = {isa = PBXBuildFile; fileRef = 7C24D1DB2A595CAF004D1DE7 /* MainMenuBackground02.atlas */; };
		7C24D1E02A595CAF004D1DE7 /* MainMenuBackground01.atlas in Resources */ = {isa = PBXBuildFile; fileRef = 7C24D1DC2A595CAF004D1DE7 /* MainMenuBackground01.atlas */; };
		7C24D1E12A595CAF004D1DE7 /* MainMenuBackground03.atlas in Resources */ = {isa = PBXBuildFile; fileRef = 7C24D1DD2A595CAF004D1DE7 /* MainMenuBackground03.atlas */; };
		7C24D1E32A595CCB004D1DE7 /* MainMenuBackground00.atlas in Resources */ = {isa = PBXBuildFile; fileRef = 7C24D1E22A595CCB004D1DE7 /* MainMenuBackground00.atlas */; };
		7C2583F92AB7421A0029BDDD /* AstralStageData.swift in Sources */ = {isa = PBXBuildFile; fileRef = 7C2583F82AB7421A0029BDDD /* AstralStageData.swift */; };
		7C2583FB2ABB699C0029BDDD /* AstralStageFileManager.swift in Sources */ = {isa = PBXBuildFile; fileRef = 7C2583FA2ABB699C0029BDDD /* AstralStageFileManager.swift */; };
		7C26511C29FF49720013B36E /* Joystick.atlas in Resources */ = {isa = PBXBuildFile; fileRef = 7C26511B29FF49720013B36E /* Joystick.atlas */; };
		7C26511F29FF49ED0013B36E /* AstralDirection.swift in Sources */ = {isa = PBXBuildFile; fileRef = 7C26511E29FF49ED0013B36E /* AstralDirection.swift */; };
		7C26512129FF4A5C0013B36E /* AstralJoystick.swift in Sources */ = {isa = PBXBuildFile; fileRef = 7C26512029FF4A5C0013B36E /* AstralJoystick.swift */; };
		7C280F582A1ABA4E002385D7 /* AstralBitmapFont.swift in Sources */ = {isa = PBXBuildFile; fileRef = 7C280F572A1ABA4E002385D7 /* AstralBitmapFont.swift */; };
		7C280F5C2A1ABB0C002385D7 /* munro_bitmap.fnt in Resources */ = {isa = PBXBuildFile; fileRef = 7C280F5A2A1ABB0C002385D7 /* munro_bitmap.fnt */; };
		7C2AB7E32A0659C30026328A /* BeamWhite00WarmUp.atlas in Resources */ = {isa = PBXBuildFile; fileRef = 7C2AB7E22A0659C30026328A /* BeamWhite00WarmUp.atlas */; };
		7C2AB7E92A06830E0026328A /* BeamWhite01WarmUp.atlas in Resources */ = {isa = PBXBuildFile; fileRef = 7C2AB7E82A06830E0026328A /* BeamWhite01WarmUp.atlas */; };
		7C2D38D52B4E787700366D0D /* AstralStageEditorMenuStepper.swift in Sources */ = {isa = PBXBuildFile; fileRef = 7C2D38D42B4E787700366D0D /* AstralStageEditorMenuStepper.swift */; };
		7C2D38D72B4FC3BC00366D0D /* AstralPathNodeActionTurnMenu.swift in Sources */ = {isa = PBXBuildFile; fileRef = 7C2D38D62B4FC3BC00366D0D /* AstralPathNodeActionTurnMenu.swift */; };
		7C2E14942AF1824E00787152 /* AstralStageEditorPathManager.swift in Sources */ = {isa = PBXBuildFile; fileRef = 7C2E14932AF1824E00787152 /* AstralStageEditorPathManager.swift */; };
		7C2E14962AF4254100787152 /* AstralStageEditorState.swift in Sources */ = {isa = PBXBuildFile; fileRef = 7C2E14952AF4254100787152 /* AstralStageEditorState.swift */; };
		7C338B822A6D9AAB00EC4844 /* AstralStageEditor.swift in Sources */ = {isa = PBXBuildFile; fileRef = 7C338B812A6D9AAB00EC4844 /* AstralStageEditor.swift */; };
		7C36D0162A07ED05005F3354 /* BeamWhite02WarmUp.atlas in Resources */ = {isa = PBXBuildFile; fileRef = 7C36D0152A07ED05005F3354 /* BeamWhite02WarmUp.atlas */; };
		7C37CC5B2A0BD01F00EA9DD3 /* BeamWhite00.atlas in Resources */ = {isa = PBXBuildFile; fileRef = 7C37CC5A2A0BD01F00EA9DD3 /* BeamWhite00.atlas */; };
		7C37D7722A4E9B9E000364B7 /* menu_select.wav in Resources */ = {isa = PBXBuildFile; fileRef = 7C37D7712A4E9B9E000364B7 /* menu_select.wav */; };
		7C3D1A8E2A3F103C00643BCF /* AstralMainMenuScene.swift in Sources */ = {isa = PBXBuildFile; fileRef = 7C3D1A8D2A3F103C00643BCF /* AstralMainMenuScene.swift */; };
		7C3D1A942A44418000643BCF /* MenuCursor.atlas in Resources */ = {isa = PBXBuildFile; fileRef = 7C3D1A932A44418000643BCF /* MenuCursor.atlas */; };
		7C47DE5B2A245F0000113BF2 /* blip.wav in Resources */ = {isa = PBXBuildFile; fileRef = 7C47DE5A2A245F0000113BF2 /* blip.wav */; };
		7C59CD172B44EE94007FF1C2 /* AstralStageEditorPathNodeTypeMenu.swift in Sources */ = {isa = PBXBuildFile; fileRef = 7C59CD162B44EE94007FF1C2 /* AstralStageEditorPathNodeTypeMenu.swift */; };
		7C611FB12AA81F1800FC04D8 /* AstralInputHandler.swift in Sources */ = {isa = PBXBuildFile; fileRef = 7C611FB02AA81F1800FC04D8 /* AstralInputHandler.swift */; };
		7C69DFE12AC6C988000C3D29 /* AstralStageEditorPathRenderer.swift in Sources */ = {isa = PBXBuildFile; fileRef = 7C69DFE02AC6C988000C3D29 /* AstralStageEditorPathRenderer.swift */; };
		7C6B66C12A97D68200BC1BD0 /* AstralParallaxBackgroundLayer2.swift in Sources */ = {isa = PBXBuildFile; fileRef = 7C6B66C02A97D68200BC1BD0 /* AstralParallaxBackgroundLayer2.swift */; };
		7C6B66C62A9849B100BC1BD0 /* AstralParallaxBackgroundLayerPickerScene.swift in Sources */ = {isa = PBXBuildFile; fileRef = 7C6B66C52A9849B100BC1BD0 /* AstralParallaxBackgroundLayerPickerScene.swift */; };
		7C6B66C82A98864300BC1BD0 /* RoughOceanSeas.atlas in Resources */ = {isa = PBXBuildFile; fileRef = 7C6B66C72A98864300BC1BD0 /* RoughOceanSeas.atlas */; };
		7C7070382B48E87A00DD6C29 /* AstralStageEditorPopupMenu.swift in Sources */ = {isa = PBXBuildFile; fileRef = 7C7070372B48E87A00DD6C29 /* AstralStageEditorPopupMenu.swift */; };
		7C70703A2B48FB4400DD6C29 /* AstralPathNodeActionMenu.swift in Sources */ = {isa = PBXBuildFile; fileRef = 7C7070392B48FB4400DD6C29 /* AstralPathNodeActionMenu.swift */; };
		7C81E0CF29FF9D12005FB6EC /* BackgroundStars.atlas in Resources */ = {isa = PBXBuildFile; fileRef = 7C81E0CE29FF9D12005FB6EC /* BackgroundStars.atlas */; };
		7C81E0D129FF9D92005FB6EC /* AstralParallaxBackground.swift in Sources */ = {isa = PBXBuildFile; fileRef = 7C81E0D029FF9D92005FB6EC /* AstralParallaxBackground.swift */; };
		7C81E0D329FF9E7E005FB6EC /* AstralParallaxBackgroundLayer.swift in Sources */ = {isa = PBXBuildFile; fileRef = 7C81E0D229FF9E7E005FB6EC /* AstralParallaxBackgroundLayer.swift */; };
		7C8690272A77635700AD307F /* AstralStageEditorToolbarButton.swift in Sources */ = {isa = PBXBuildFile; fileRef = 7C8690262A77635700AD307F /* AstralStageEditorToolbarButton.swift */; };
		7C8690292A77638900AD307F /* AstralStageEditorToolbarSubView.swift in Sources */ = {isa = PBXBuildFile; fileRef = 7C8690282A77638900AD307F /* AstralStageEditorToolbarSubView.swift */; };
		7C86902B2A7763A700AD307F /* AstralStageEditorToolbar.swift in Sources */ = {isa = PBXBuildFile; fileRef = 7C86902A2A7763A700AD307F /* AstralStageEditorToolbar.swift */; };
		7C86902D2A7842AC00AD307F /* AstralStageEditorAction.swift in Sources */ = {isa = PBXBuildFile; fileRef = 7C86902C2A7842AC00AD307F /* AstralStageEditorAction.swift */; };
		7C8D13612A0E323100C81D85 /* AstralEnemyWave.swift in Sources */ = {isa = PBXBuildFile; fileRef = 7C8D13602A0E323100C81D85 /* AstralEnemyWave.swift */; };
		7C8D13632A0E7CC300C81D85 /* AstralDialogSmall.swift in Sources */ = {isa = PBXBuildFile; fileRef = 7C8D13622A0E7CC300C81D85 /* AstralDialogSmall.swift */; };
		7C8D13662A0E7EE700C81D85 /* visitor1.ttf in Resources */ = {isa = PBXBuildFile; fileRef = 7C8D13642A0E7EE700C81D85 /* visitor1.ttf */; };
		7C8D13672A0E7EE700C81D85 /* visitor2.ttf in Resources */ = {isa = PBXBuildFile; fileRef = 7C8D13652A0E7EE700C81D85 /* visitor2.ttf */; };
		7C8D136B2A0F5A6500C81D85 /* AstralDialogSpeaker.swift in Sources */ = {isa = PBXBuildFile; fileRef = 7C8D136A2A0F5A6500C81D85 /* AstralDialogSpeaker.swift */; };
		7C8D136D2A0F725700C81D85 /* AstralDialogColor.swift in Sources */ = {isa = PBXBuildFile; fileRef = 7C8D136C2A0F725700C81D85 /* AstralDialogColor.swift */; };
		7C92CBA32B1F4BFB00730C39 /* AstralStageEditorPathInputHandler.swift in Sources */ = {isa = PBXBuildFile; fileRef = 7C92CBA22B1F4BFB00730C39 /* AstralStageEditorPathInputHandler.swift */; };
		7CA76A9E2B3194BC0099BFC8 /* BeamBuildup.sks in Resources */ = {isa = PBXBuildFile; fileRef = 7CA76A9C2B3194BC0099BFC8 /* BeamBuildup.sks */; };
		7CA76A9F2B3194BC0099BFC8 /* Assets.xcassets in Resources */ = {isa = PBXBuildFile; fileRef = 7CA76A9D2B3194BC0099BFC8 /* Assets.xcassets */; };
		7CAA6AF42A00A7A700EBEA1E /* AstralPhysicsCategory.swift in Sources */ = {isa = PBXBuildFile; fileRef = 7CAA6AF32A00A7A700EBEA1E /* AstralPhysicsCategory.swift */; };
		7CAA6AF62A00E0A100EBEA1E /* AstralParticleSystem.swift in Sources */ = {isa = PBXBuildFile; fileRef = 7CAA6AF52A00E0A100EBEA1E /* AstralParticleSystem.swift */; };
		7CAA6AF92A00E5A100EBEA1E /* Thruster.sks in Resources */ = {isa = PBXBuildFile; fileRef = 7CAA6AF72A00E5A100EBEA1E /* Thruster.sks */; };
		7CAA6AFA2A00E5A100EBEA1E /* Particle.xcassets in Resources */ = {isa = PBXBuildFile; fileRef = 7CAA6AF82A00E5A100EBEA1E /* Particle.xcassets */; };
		7CAA6AFF2A020C5600EBEA1E /* CGPoint.swift in Sources */ = {isa = PBXBuildFile; fileRef = 7CAA6AFE2A020C5600EBEA1E /* CGPoint.swift */; };
		7CAA6B012A02492D00EBEA1E /* AstralCollisionHandler.swift in Sources */ = {isa = PBXBuildFile; fileRef = 7CAA6B002A02492D00EBEA1E /* AstralCollisionHandler.swift */; };
		7CAA6B032A02599000EBEA1E /* AstralUnit.swift in Sources */ = {isa = PBXBuildFile; fileRef = 7CAA6B022A02599000EBEA1E /* AstralUnit.swift */; };
		7CAA6B092A026C6F00EBEA1E /* AstralPlayer.atlas in Resources */ = {isa = PBXBuildFile; fileRef = 7CAA6B082A026C6F00EBEA1E /* AstralPlayer.atlas */; };
		7CAA6B0E2A026EEA00EBEA1E /* AstralEnemy.swift in Sources */ = {isa = PBXBuildFile; fileRef = 7CAA6B0D2A026EEA00EBEA1E /* AstralEnemy.swift */; };
		7CAA6B102A02775700EBEA1E /* AstralEnemyType00.atlas in Resources */ = {isa = PBXBuildFile; fileRef = 7CAA6B0F2A02775700EBEA1E /* AstralEnemyType00.atlas */; };
		7CAA6B142A027EC100EBEA1E /* colorShader.fsh in Resources */ = {isa = PBXBuildFile; fileRef = 7CAA6B132A027EC100EBEA1E /* colorShader.fsh */; };
		7CAA6B172A029A1600EBEA1E /* AstralEnemyType00Hit.atlas in Resources */ = {isa = PBXBuildFile; fileRef = 7CAA6B162A029A1600EBEA1E /* AstralEnemyType00Hit.atlas */; };
		7CAA6B192A035D5A00EBEA1E /* impact00.wav in Resources */ = {isa = PBXBuildFile; fileRef = 7CAA6B182A035D5A00EBEA1E /* impact00.wav */; };
		7CAA6B1D2A03643700EBEA1E /* AstralEnemyOrder.swift in Sources */ = {isa = PBXBuildFile; fileRef = 7CAA6B1C2A03643700EBEA1E /* AstralEnemyOrder.swift */; };
		7CB67F932A4C47F600ED3333 /* AstralEffectsManager.swift in Sources */ = {isa = PBXBuildFile; fileRef = 7CB67F922A4C47F600ED3333 /* AstralEffectsManager.swift */; };
		7CB8B9A42B0ABCAB0055ED04 /* BottomDrawerViewController.swift in Sources */ = {isa = PBXBuildFile; fileRef = 7CB8B9A32B0ABCAB0055ED04 /* BottomDrawerViewController.swift */; };
		7CB97F7E2B273EE1009B25F1 /* UIControl.swift in Sources */ = {isa = PBXBuildFile; fileRef = 7CB97F7D2B273EE1009B25F1 /* UIControl.swift */; };
		7CC254C42B2C898E003381AC /* AstralPathNode.swift in Sources */ = {isa = PBXBuildFile; fileRef = 7CC254C32B2C898E003381AC /* AstralPathNode.swift */; };
		7CC254C82B2C8DC5003381AC /* AstralPathNodeCondition.swift in Sources */ = {isa = PBXBuildFile; fileRef = 7CC254C72B2C8DC5003381AC /* AstralPathNodeCondition.swift */; };
		7CC2F9DA29FF68C7003CA700 /* AstralWeapon.swift in Sources */ = {isa = PBXBuildFile; fileRef = 7CC2F9D929FF68C7003CA700 /* AstralWeapon.swift */; };
		7CC2F9DC29FF6BDC003CA700 /* AstralWeaponAmmoType.swift in Sources */ = {isa = PBXBuildFile; fileRef = 7CC2F9DB29FF6BDC003CA700 /* AstralWeaponAmmoType.swift */; };
		7CC2F9DE29FF75FC003CA700 /* testScene.swift in Sources */ = {isa = PBXBuildFile; fileRef = 7CC2F9DD29FF75FC003CA700 /* testScene.swift */; };
		7CC78B9A2A1113380060AE54 /* BitPotion.ttf in Resources */ = {isa = PBXBuildFile; fileRef = 7CC78B992A1113380060AE54 /* BitPotion.ttf */; };
		7CC78B9C2A11143D0060AE54 /* Munro-2LYe.ttf in Resources */ = {isa = PBXBuildFile; fileRef = 7CC78B9B2A11143D0060AE54 /* Munro-2LYe.ttf */; };
		7CC794DB2AAF3C3C00B29230 /* GameScene.swift in Sources */ = {isa = PBXBuildFile; fileRef = 7C1F5C0929FD316300DB6438 /* GameScene.swift */; };
		7CD4B7522B02355600E84B1B /* AstralStageEditorPathManagerViewController.swift in Sources */ = {isa = PBXBuildFile; fileRef = 7CD4B7512B02355600E84B1B /* AstralStageEditorPathManagerViewController.swift */; };
		7CD4D0F32A2560D300ECE47D /* AstralGameState.swift in Sources */ = {isa = PBXBuildFile; fileRef = 7CD4D0F22A2560D300ECE47D /* AstralGameState.swift */; };
		7CD4D0F52A2564F100ECE47D /* AstralGameStateManager.swift in Sources */ = {isa = PBXBuildFile; fileRef = 7CD4D0F42A2564F100ECE47D /* AstralGameStateManager.swift */; };
		7CD7B0112A1106FD0097B142 /* AstralDialogTextBox.swift in Sources */ = {isa = PBXBuildFile; fileRef = 7CD7B0102A1106FD0097B142 /* AstralDialogTextBox.swift */; };
		7CDFFD572AC36CEF00AE7F8E /* AstralStageEditorPath.swift in Sources */ = {isa = PBXBuildFile; fileRef = 7CDFFD562AC36CEF00AE7F8E /* AstralStageEditorPath.swift */; };
		7CE340C12A9F2E0700C16C28 /* AstralNotifications.swift in Sources */ = {isa = PBXBuildFile; fileRef = 7CE340C02A9F2E0600C16C28 /* AstralNotifications.swift */; };
		7CF8BC3E2A90CB3700E904BF /* AstralParallaxBackgroundLayerPicker.swift in Sources */ = {isa = PBXBuildFile; fileRef = 7CF8BC3D2A90CB3700E904BF /* AstralParallaxBackgroundLayerPicker.swift */; };
		7CFD76CC2A227D6500ADD505 /* munro_bitmap_0.png in Resources */ = {isa = PBXBuildFile; fileRef = 7CFD76CB2A227D6500ADD505 /* munro_bitmap_0.png */; };
/* End PBXBuildFile section */

/* Begin PBXContainerItemProxy section */
		7C1F5C1A29FD316400DB6438 /* PBXContainerItemProxy */ = {
			isa = PBXContainerItemProxy;
			containerPortal = 7C1F5BF829FD316300DB6438 /* Project object */;
			proxyType = 1;
			remoteGlobalIDString = 7C1F5BFF29FD316300DB6438;
			remoteInfo = astral;
		};
		7C1F5C2429FD316400DB6438 /* PBXContainerItemProxy */ = {
			isa = PBXContainerItemProxy;
			containerPortal = 7C1F5BF829FD316300DB6438 /* Project object */;
			proxyType = 1;
			remoteGlobalIDString = 7C1F5BFF29FD316300DB6438;
			remoteInfo = astral;
		};
/* End PBXContainerItemProxy section */

/* Begin PBXFileReference section */
		7C0224FD2B63C270006AB680 /* UIColor.swift */ = {isa = PBXFileReference; lastKnownFileType = sourcecode.swift; name = UIColor.swift; path = astral/swift/UIColor.swift; sourceTree = SOURCE_ROOT; };
		7C0224FF2B6674C1006AB680 /* AstralStageEditorPathData.swift */ = {isa = PBXFileReference; lastKnownFileType = sourcecode.swift; path = AstralStageEditorPathData.swift; sourceTree = "<group>"; };
		7C04C9FA2B2CBF0D00E91357 /* AstralPathNodeProtocol.swift */ = {isa = PBXFileReference; lastKnownFileType = sourcecode.swift; path = AstralPathNodeProtocol.swift; sourceTree = "<group>"; };
		7C0711F22B3B78B8009B6F48 /* AstralEnemyConfiguration.swift */ = {isa = PBXFileReference; lastKnownFileType = sourcecode.swift; path = AstralEnemyConfiguration.swift; sourceTree = "<group>"; };
		7C0711F42B3B79FC009B6F48 /* AstralGlobalEnemyConfiguration.swift */ = {isa = PBXFileReference; lastKnownFileType = sourcecode.swift; path = AstralGlobalEnemyConfiguration.swift; sourceTree = "<group>"; };
		7C0711F62B3B7FA6009B6F48 /* fighter2.atlas */ = {isa = PBXFileReference; lastKnownFileType = folder.skatlas; path = fighter2.atlas; sourceTree = "<group>"; };
		7C1F5C0029FD316300DB6438 /* astral.app */ = {isa = PBXFileReference; explicitFileType = wrapper.application; includeInIndex = 0; path = astral.app; sourceTree = BUILT_PRODUCTS_DIR; };
		7C1F5C0329FD316300DB6438 /* AppDelegate.swift */ = {isa = PBXFileReference; lastKnownFileType = sourcecode.swift; path = AppDelegate.swift; sourceTree = "<group>"; };
		7C1F5C0729FD316300DB6438 /* Actions.sks */ = {isa = PBXFileReference; lastKnownFileType = file.sks; path = Actions.sks; sourceTree = "<group>"; };
		7C1F5C0929FD316300DB6438 /* GameScene.swift */ = {isa = PBXFileReference; lastKnownFileType = sourcecode.swift; path = GameScene.swift; sourceTree = "<group>"; };
		7C1F5C0B29FD316300DB6438 /* GameViewController.swift */ = {isa = PBXFileReference; lastKnownFileType = sourcecode.swift; path = GameViewController.swift; sourceTree = "<group>"; };
		7C1F5C0E29FD316300DB6438 /* Base */ = {isa = PBXFileReference; lastKnownFileType = file.storyboard; name = Base; path = Base.lproj/Main.storyboard; sourceTree = "<group>"; };
		7C1F5C1029FD316400DB6438 /* Assets.xcassets */ = {isa = PBXFileReference; lastKnownFileType = folder.assetcatalog; path = Assets.xcassets; sourceTree = "<group>"; };
		7C1F5C1329FD316400DB6438 /* Base */ = {isa = PBXFileReference; lastKnownFileType = file.storyboard; name = Base; path = Base.lproj/LaunchScreen.storyboard; sourceTree = "<group>"; };
		7C1F5C1929FD316400DB6438 /* astralTests.xctest */ = {isa = PBXFileReference; explicitFileType = wrapper.cfbundle; includeInIndex = 0; path = astralTests.xctest; sourceTree = BUILT_PRODUCTS_DIR; };
		7C1F5C1D29FD316400DB6438 /* astralTests.swift */ = {isa = PBXFileReference; lastKnownFileType = sourcecode.swift; path = astralTests.swift; sourceTree = "<group>"; };
		7C1F5C2329FD316400DB6438 /* astralUITests.xctest */ = {isa = PBXFileReference; explicitFileType = wrapper.cfbundle; includeInIndex = 0; path = astralUITests.xctest; sourceTree = BUILT_PRODUCTS_DIR; };
		7C1F5C2729FD316400DB6438 /* astralUITests.swift */ = {isa = PBXFileReference; lastKnownFileType = sourcecode.swift; path = astralUITests.swift; sourceTree = "<group>"; };
		7C1F5C2929FD316400DB6438 /* astralUITestsLaunchTests.swift */ = {isa = PBXFileReference; lastKnownFileType = sourcecode.swift; path = astralUITestsLaunchTests.swift; sourceTree = "<group>"; };
		7C1F5C3929FD326E00DB6438 /* GameScene.sks */ = {isa = PBXFileReference; lastKnownFileType = file.sks; path = GameScene.sks; sourceTree = "<group>"; };
		7C1F5C3B29FD35C800DB6438 /* AstralPlayer.swift */ = {isa = PBXFileReference; lastKnownFileType = sourcecode.swift; path = AstralPlayer.swift; sourceTree = "<group>"; };
		7C1F5C3D29FD36B100DB6438 /* AstralPolarity.swift */ = {isa = PBXFileReference; lastKnownFileType = sourcecode.swift; path = AstralPolarity.swift; sourceTree = "<group>"; };
		7C24D1CD2A582C61004D1DE7 /* AstralMainMenuBackground.swift */ = {isa = PBXFileReference; lastKnownFileType = sourcecode.swift; path = AstralMainMenuBackground.swift; sourceTree = "<group>"; };
		7C24D1DB2A595CAF004D1DE7 /* MainMenuBackground02.atlas */ = {isa = PBXFileReference; lastKnownFileType = folder.skatlas; path = MainMenuBackground02.atlas; sourceTree = "<group>"; };
		7C24D1DC2A595CAF004D1DE7 /* MainMenuBackground01.atlas */ = {isa = PBXFileReference; lastKnownFileType = folder.skatlas; path = MainMenuBackground01.atlas; sourceTree = "<group>"; };
		7C24D1DD2A595CAF004D1DE7 /* MainMenuBackground03.atlas */ = {isa = PBXFileReference; lastKnownFileType = folder.skatlas; path = MainMenuBackground03.atlas; sourceTree = "<group>"; };
		7C24D1E22A595CCB004D1DE7 /* MainMenuBackground00.atlas */ = {isa = PBXFileReference; lastKnownFileType = folder.skatlas; path = MainMenuBackground00.atlas; sourceTree = "<group>"; };
		7C2583F82AB7421A0029BDDD /* AstralStageData.swift */ = {isa = PBXFileReference; lastKnownFileType = sourcecode.swift; path = AstralStageData.swift; sourceTree = "<group>"; };
		7C2583FA2ABB699C0029BDDD /* AstralStageFileManager.swift */ = {isa = PBXFileReference; lastKnownFileType = sourcecode.swift; path = AstralStageFileManager.swift; sourceTree = "<group>"; };
		7C26511B29FF49720013B36E /* Joystick.atlas */ = {isa = PBXFileReference; lastKnownFileType = folder.skatlas; path = Joystick.atlas; sourceTree = "<group>"; };
		7C26511E29FF49ED0013B36E /* AstralDirection.swift */ = {isa = PBXFileReference; lastKnownFileType = sourcecode.swift; path = AstralDirection.swift; sourceTree = "<group>"; };
		7C26512029FF4A5C0013B36E /* AstralJoystick.swift */ = {isa = PBXFileReference; lastKnownFileType = sourcecode.swift; path = AstralJoystick.swift; sourceTree = "<group>"; };
		7C280F572A1ABA4E002385D7 /* AstralBitmapFont.swift */ = {isa = PBXFileReference; lastKnownFileType = sourcecode.swift; path = AstralBitmapFont.swift; sourceTree = "<group>"; };
		7C280F5A2A1ABB0C002385D7 /* munro_bitmap.fnt */ = {isa = PBXFileReference; fileEncoding = 4; lastKnownFileType = text; path = munro_bitmap.fnt; sourceTree = "<group>"; };
		7C2AB7E22A0659C30026328A /* BeamWhite00WarmUp.atlas */ = {isa = PBXFileReference; lastKnownFileType = folder.skatlas; path = BeamWhite00WarmUp.atlas; sourceTree = "<group>"; };
		7C2AB7E82A06830E0026328A /* BeamWhite01WarmUp.atlas */ = {isa = PBXFileReference; lastKnownFileType = folder.skatlas; path = BeamWhite01WarmUp.atlas; sourceTree = "<group>"; };
		7C2D38D42B4E787700366D0D /* AstralStageEditorMenuStepper.swift */ = {isa = PBXFileReference; lastKnownFileType = sourcecode.swift; name = AstralStageEditorMenuStepper.swift; path = StageEditor/AstralStageEditorMenuStepper.swift; sourceTree = "<group>"; };
		7C2D38D62B4FC3BC00366D0D /* AstralPathNodeActionTurnMenu.swift */ = {isa = PBXFileReference; lastKnownFileType = sourcecode.swift; path = AstralPathNodeActionTurnMenu.swift; sourceTree = "<group>"; };
		7C2E14932AF1824E00787152 /* AstralStageEditorPathManager.swift */ = {isa = PBXFileReference; lastKnownFileType = sourcecode.swift; path = AstralStageEditorPathManager.swift; sourceTree = "<group>"; };
		7C2E14952AF4254100787152 /* AstralStageEditorState.swift */ = {isa = PBXFileReference; lastKnownFileType = sourcecode.swift; path = AstralStageEditorState.swift; sourceTree = "<group>"; };
		7C338B812A6D9AAB00EC4844 /* AstralStageEditor.swift */ = {isa = PBXFileReference; lastKnownFileType = sourcecode.swift; path = AstralStageEditor.swift; sourceTree = "<group>"; };
		7C36D0152A07ED05005F3354 /* BeamWhite02WarmUp.atlas */ = {isa = PBXFileReference; lastKnownFileType = folder.skatlas; path = BeamWhite02WarmUp.atlas; sourceTree = "<group>"; };
		7C37CC5A2A0BD01F00EA9DD3 /* BeamWhite00.atlas */ = {isa = PBXFileReference; lastKnownFileType = folder.skatlas; path = BeamWhite00.atlas; sourceTree = "<group>"; };
		7C37D7712A4E9B9E000364B7 /* menu_select.wav */ = {isa = PBXFileReference; lastKnownFileType = audio.wav; path = menu_select.wav; sourceTree = "<group>"; };
		7C3D1A8D2A3F103C00643BCF /* AstralMainMenuScene.swift */ = {isa = PBXFileReference; fileEncoding = 4; lastKnownFileType = sourcecode.swift; path = AstralMainMenuScene.swift; sourceTree = "<group>"; };
		7C3D1A932A44418000643BCF /* MenuCursor.atlas */ = {isa = PBXFileReference; lastKnownFileType = folder.skatlas; path = MenuCursor.atlas; sourceTree = "<group>"; };
		7C47DE5A2A245F0000113BF2 /* blip.wav */ = {isa = PBXFileReference; lastKnownFileType = audio.wav; path = blip.wav; sourceTree = "<group>"; };
		7C59CD162B44EE94007FF1C2 /* AstralStageEditorPathNodeTypeMenu.swift */ = {isa = PBXFileReference; lastKnownFileType = sourcecode.swift; path = AstralStageEditorPathNodeTypeMenu.swift; sourceTree = "<group>"; };
		7C611FB02AA81F1800FC04D8 /* AstralInputHandler.swift */ = {isa = PBXFileReference; lastKnownFileType = sourcecode.swift; path = AstralInputHandler.swift; sourceTree = "<group>"; };
		7C69DFE02AC6C988000C3D29 /* AstralStageEditorPathRenderer.swift */ = {isa = PBXFileReference; lastKnownFileType = sourcecode.swift; path = AstralStageEditorPathRenderer.swift; sourceTree = "<group>"; };
		7C6B66C02A97D68200BC1BD0 /* AstralParallaxBackgroundLayer2.swift */ = {isa = PBXFileReference; lastKnownFileType = sourcecode.swift; path = AstralParallaxBackgroundLayer2.swift; sourceTree = "<group>"; };
		7C6B66C52A9849B100BC1BD0 /* AstralParallaxBackgroundLayerPickerScene.swift */ = {isa = PBXFileReference; lastKnownFileType = sourcecode.swift; path = AstralParallaxBackgroundLayerPickerScene.swift; sourceTree = "<group>"; };
		7C6B66C72A98864300BC1BD0 /* RoughOceanSeas.atlas */ = {isa = PBXFileReference; lastKnownFileType = folder.skatlas; path = RoughOceanSeas.atlas; sourceTree = "<group>"; };
		7C7070372B48E87A00DD6C29 /* AstralStageEditorPopupMenu.swift */ = {isa = PBXFileReference; lastKnownFileType = sourcecode.swift; name = AstralStageEditorPopupMenu.swift; path = astral/swift/StageEditor/AstralStageEditorPopupMenu.swift; sourceTree = SOURCE_ROOT; };
		7C7070392B48FB4400DD6C29 /* AstralPathNodeActionMenu.swift */ = {isa = PBXFileReference; lastKnownFileType = sourcecode.swift; path = AstralPathNodeActionMenu.swift; sourceTree = "<group>"; };
		7C81E0CE29FF9D12005FB6EC /* BackgroundStars.atlas */ = {isa = PBXFileReference; lastKnownFileType = folder.skatlas; path = BackgroundStars.atlas; sourceTree = "<group>"; };
		7C81E0D029FF9D92005FB6EC /* AstralParallaxBackground.swift */ = {isa = PBXFileReference; lastKnownFileType = sourcecode.swift; path = AstralParallaxBackground.swift; sourceTree = "<group>"; };
		7C81E0D229FF9E7E005FB6EC /* AstralParallaxBackgroundLayer.swift */ = {isa = PBXFileReference; lastKnownFileType = sourcecode.swift; path = AstralParallaxBackgroundLayer.swift; sourceTree = "<group>"; };
		7C8690262A77635700AD307F /* AstralStageEditorToolbarButton.swift */ = {isa = PBXFileReference; lastKnownFileType = sourcecode.swift; path = AstralStageEditorToolbarButton.swift; sourceTree = "<group>"; };
		7C8690282A77638900AD307F /* AstralStageEditorToolbarSubView.swift */ = {isa = PBXFileReference; lastKnownFileType = sourcecode.swift; path = AstralStageEditorToolbarSubView.swift; sourceTree = "<group>"; };
		7C86902A2A7763A700AD307F /* AstralStageEditorToolbar.swift */ = {isa = PBXFileReference; lastKnownFileType = sourcecode.swift; path = AstralStageEditorToolbar.swift; sourceTree = "<group>"; };
		7C86902C2A7842AC00AD307F /* AstralStageEditorAction.swift */ = {isa = PBXFileReference; lastKnownFileType = sourcecode.swift; path = AstralStageEditorAction.swift; sourceTree = "<group>"; };
		7C8D13602A0E323100C81D85 /* AstralEnemyWave.swift */ = {isa = PBXFileReference; lastKnownFileType = sourcecode.swift; path = AstralEnemyWave.swift; sourceTree = "<group>"; };
		7C8D13622A0E7CC300C81D85 /* AstralDialogSmall.swift */ = {isa = PBXFileReference; lastKnownFileType = sourcecode.swift; path = AstralDialogSmall.swift; sourceTree = "<group>"; };
		7C8D13642A0E7EE700C81D85 /* visitor1.ttf */ = {isa = PBXFileReference; lastKnownFileType = file; path = visitor1.ttf; sourceTree = "<group>"; };
		7C8D13652A0E7EE700C81D85 /* visitor2.ttf */ = {isa = PBXFileReference; lastKnownFileType = file; path = visitor2.ttf; sourceTree = "<group>"; };
		7C8D13692A0E812B00C81D85 /* Info.plist */ = {isa = PBXFileReference; lastKnownFileType = text.plist; path = Info.plist; sourceTree = "<group>"; };
		7C8D136A2A0F5A6500C81D85 /* AstralDialogSpeaker.swift */ = {isa = PBXFileReference; lastKnownFileType = sourcecode.swift; path = AstralDialogSpeaker.swift; sourceTree = "<group>"; };
		7C8D136C2A0F725700C81D85 /* AstralDialogColor.swift */ = {isa = PBXFileReference; lastKnownFileType = sourcecode.swift; path = AstralDialogColor.swift; sourceTree = "<group>"; };
		7C92CBA22B1F4BFB00730C39 /* AstralStageEditorPathInputHandler.swift */ = {isa = PBXFileReference; lastKnownFileType = sourcecode.swift; path = AstralStageEditorPathInputHandler.swift; sourceTree = "<group>"; };
		7CA76A9C2B3194BC0099BFC8 /* BeamBuildup.sks */ = {isa = PBXFileReference; lastKnownFileType = file.sks; path = BeamBuildup.sks; sourceTree = "<group>"; };
		7CA76A9D2B3194BC0099BFC8 /* Assets.xcassets */ = {isa = PBXFileReference; lastKnownFileType = folder.assetcatalog; path = Assets.xcassets; sourceTree = "<group>"; };
		7CAA6AF32A00A7A700EBEA1E /* AstralPhysicsCategory.swift */ = {isa = PBXFileReference; lastKnownFileType = sourcecode.swift; path = AstralPhysicsCategory.swift; sourceTree = "<group>"; };
		7CAA6AF52A00E0A100EBEA1E /* AstralParticleSystem.swift */ = {isa = PBXFileReference; lastKnownFileType = sourcecode.swift; path = AstralParticleSystem.swift; sourceTree = "<group>"; };
		7CAA6AF72A00E5A100EBEA1E /* Thruster.sks */ = {isa = PBXFileReference; lastKnownFileType = file.sks; path = Thruster.sks; sourceTree = "<group>"; };
		7CAA6AF82A00E5A100EBEA1E /* Particle.xcassets */ = {isa = PBXFileReference; lastKnownFileType = folder.assetcatalog; path = Particle.xcassets; sourceTree = "<group>"; };
		7CAA6AFE2A020C5600EBEA1E /* CGPoint.swift */ = {isa = PBXFileReference; lastKnownFileType = sourcecode.swift; path = CGPoint.swift; sourceTree = "<group>"; };
		7CAA6B002A02492D00EBEA1E /* AstralCollisionHandler.swift */ = {isa = PBXFileReference; lastKnownFileType = sourcecode.swift; path = AstralCollisionHandler.swift; sourceTree = "<group>"; };
		7CAA6B022A02599000EBEA1E /* AstralUnit.swift */ = {isa = PBXFileReference; lastKnownFileType = sourcecode.swift; path = AstralUnit.swift; sourceTree = "<group>"; };
		7CAA6B082A026C6F00EBEA1E /* AstralPlayer.atlas */ = {isa = PBXFileReference; lastKnownFileType = folder.skatlas; path = AstralPlayer.atlas; sourceTree = "<group>"; };
		7CAA6B0D2A026EEA00EBEA1E /* AstralEnemy.swift */ = {isa = PBXFileReference; lastKnownFileType = sourcecode.swift; path = AstralEnemy.swift; sourceTree = "<group>"; };
		7CAA6B0F2A02775700EBEA1E /* AstralEnemyType00.atlas */ = {isa = PBXFileReference; lastKnownFileType = folder.skatlas; path = AstralEnemyType00.atlas; sourceTree = "<group>"; };
		7CAA6B132A027EC100EBEA1E /* colorShader.fsh */ = {isa = PBXFileReference; fileEncoding = 4; lastKnownFileType = sourcecode.glsl; path = colorShader.fsh; sourceTree = "<group>"; };
		7CAA6B162A029A1600EBEA1E /* AstralEnemyType00Hit.atlas */ = {isa = PBXFileReference; lastKnownFileType = folder.skatlas; path = AstralEnemyType00Hit.atlas; sourceTree = "<group>"; };
		7CAA6B182A035D5A00EBEA1E /* impact00.wav */ = {isa = PBXFileReference; lastKnownFileType = audio.wav; path = impact00.wav; sourceTree = "<group>"; };
		7CAA6B1C2A03643700EBEA1E /* AstralEnemyOrder.swift */ = {isa = PBXFileReference; lastKnownFileType = sourcecode.swift; path = AstralEnemyOrder.swift; sourceTree = "<group>"; };
		7CB67F922A4C47F600ED3333 /* AstralEffectsManager.swift */ = {isa = PBXFileReference; lastKnownFileType = sourcecode.swift; path = AstralEffectsManager.swift; sourceTree = "<group>"; };
		7CB8B9A32B0ABCAB0055ED04 /* BottomDrawerViewController.swift */ = {isa = PBXFileReference; lastKnownFileType = sourcecode.swift; path = BottomDrawerViewController.swift; sourceTree = "<group>"; };
		7CB97F7D2B273EE1009B25F1 /* UIControl.swift */ = {isa = PBXFileReference; lastKnownFileType = sourcecode.swift; path = UIControl.swift; sourceTree = "<group>"; };
		7CC254C32B2C898E003381AC /* AstralPathNode.swift */ = {isa = PBXFileReference; lastKnownFileType = sourcecode.swift; path = AstralPathNode.swift; sourceTree = "<group>"; };
		7CC254C72B2C8DC5003381AC /* AstralPathNodeCondition.swift */ = {isa = PBXFileReference; lastKnownFileType = sourcecode.swift; path = AstralPathNodeCondition.swift; sourceTree = "<group>"; };
		7CC2F9D929FF68C7003CA700 /* AstralWeapon.swift */ = {isa = PBXFileReference; lastKnownFileType = sourcecode.swift; path = AstralWeapon.swift; sourceTree = "<group>"; };
		7CC2F9DB29FF6BDC003CA700 /* AstralWeaponAmmoType.swift */ = {isa = PBXFileReference; lastKnownFileType = sourcecode.swift; path = AstralWeaponAmmoType.swift; sourceTree = "<group>"; };
		7CC2F9DD29FF75FC003CA700 /* testScene.swift */ = {isa = PBXFileReference; lastKnownFileType = sourcecode.swift; path = testScene.swift; sourceTree = "<group>"; };
		7CC78B992A1113380060AE54 /* BitPotion.ttf */ = {isa = PBXFileReference; lastKnownFileType = file; path = BitPotion.ttf; sourceTree = "<group>"; };
		7CC78B9B2A11143D0060AE54 /* Munro-2LYe.ttf */ = {isa = PBXFileReference; lastKnownFileType = file; path = "Munro-2LYe.ttf"; sourceTree = "<group>"; };
		7CD4B7512B02355600E84B1B /* AstralStageEditorPathManagerViewController.swift */ = {isa = PBXFileReference; lastKnownFileType = sourcecode.swift; path = AstralStageEditorPathManagerViewController.swift; sourceTree = "<group>"; };
		7CD4D0F22A2560D300ECE47D /* AstralGameState.swift */ = {isa = PBXFileReference; lastKnownFileType = sourcecode.swift; path = AstralGameState.swift; sourceTree = "<group>"; };
		7CD4D0F42A2564F100ECE47D /* AstralGameStateManager.swift */ = {isa = PBXFileReference; lastKnownFileType = sourcecode.swift; path = AstralGameStateManager.swift; sourceTree = "<group>"; };
		7CD7B0102A1106FD0097B142 /* AstralDialogTextBox.swift */ = {isa = PBXFileReference; lastKnownFileType = sourcecode.swift; path = AstralDialogTextBox.swift; sourceTree = "<group>"; };
		7CDFFD562AC36CEF00AE7F8E /* AstralStageEditorPath.swift */ = {isa = PBXFileReference; lastKnownFileType = sourcecode.swift; path = AstralStageEditorPath.swift; sourceTree = "<group>"; };
		7CE340C02A9F2E0600C16C28 /* AstralNotifications.swift */ = {isa = PBXFileReference; lastKnownFileType = sourcecode.swift; path = AstralNotifications.swift; sourceTree = "<group>"; };
		7CF8BC3D2A90CB3700E904BF /* AstralParallaxBackgroundLayerPicker.swift */ = {isa = PBXFileReference; lastKnownFileType = sourcecode.swift; path = AstralParallaxBackgroundLayerPicker.swift; sourceTree = "<group>"; };
		7CFD76CB2A227D6500ADD505 /* munro_bitmap_0.png */ = {isa = PBXFileReference; lastKnownFileType = image.png; path = munro_bitmap_0.png; sourceTree = "<group>"; };
/* End PBXFileReference section */

/* Begin PBXFrameworksBuildPhase section */
		7C1F5BFD29FD316300DB6438 /* Frameworks */ = {
			isa = PBXFrameworksBuildPhase;
			buildActionMask = 2147483647;
			files = (
			);
			runOnlyForDeploymentPostprocessing = 0;
		};
		7C1F5C1629FD316400DB6438 /* Frameworks */ = {
			isa = PBXFrameworksBuildPhase;
			buildActionMask = 2147483647;
			files = (
			);
			runOnlyForDeploymentPostprocessing = 0;
		};
		7C1F5C2029FD316400DB6438 /* Frameworks */ = {
			isa = PBXFrameworksBuildPhase;
			buildActionMask = 2147483647;
			files = (
			);
			runOnlyForDeploymentPostprocessing = 0;
		};
/* End PBXFrameworksBuildPhase section */

/* Begin PBXGroup section */
		7C1F5BF729FD316300DB6438 = {
			isa = PBXGroup;
			children = (
				7CAA6B152A027ECB00EBEA1E /* shaders */,
				7CAA6AFB2A00E93500EBEA1E /* Particles */,
				7C26511D29FF49770013B36E /* atlas */,
				7C1F5C0229FD316300DB6438 /* astral */,
				7C1F5C1C29FD316400DB6438 /* astralTests */,
				7C1F5C2629FD316400DB6438 /* astralUITests */,
				7C1F5C0129FD316300DB6438 /* Products */,
			);
			sourceTree = "<group>";
		};
		7C1F5C0129FD316300DB6438 /* Products */ = {
			isa = PBXGroup;
			children = (
				7C1F5C0029FD316300DB6438 /* astral.app */,
				7C1F5C1929FD316400DB6438 /* astralTests.xctest */,
				7C1F5C2329FD316400DB6438 /* astralUITests.xctest */,
			);
			name = Products;
			sourceTree = "<group>";
		};
		7C1F5C0229FD316300DB6438 /* astral */ = {
			isa = PBXGroup;
			children = (
				7C8D13682A0E7EFB00C81D85 /* font */,
				7CAA6B1B2A035D8A00EBEA1E /* audio */,
				7C1F5C3629FD317400DB6438 /* swift */,
				7C1F5C1029FD316400DB6438 /* Assets.xcassets */,
				7C8D13692A0E812B00C81D85 /* Info.plist */,
				7C1F5C0729FD316300DB6438 /* Actions.sks */,
				7C1F5C3929FD326E00DB6438 /* GameScene.sks */,
				7C1F5C0D29FD316300DB6438 /* Main.storyboard */,
				7C1F5C1229FD316400DB6438 /* LaunchScreen.storyboard */,
			);
			path = astral;
			sourceTree = "<group>";
		};
		7C1F5C1C29FD316400DB6438 /* astralTests */ = {
			isa = PBXGroup;
			children = (
				7C1F5C1D29FD316400DB6438 /* astralTests.swift */,
			);
			path = astralTests;
			sourceTree = "<group>";
		};
		7C1F5C2629FD316400DB6438 /* astralUITests */ = {
			isa = PBXGroup;
			children = (
				7C1F5C2729FD316400DB6438 /* astralUITests.swift */,
				7C1F5C2929FD316400DB6438 /* astralUITestsLaunchTests.swift */,
			);
			path = astralUITests;
			sourceTree = "<group>";
		};
		7C1F5C3629FD317400DB6438 /* swift */ = {
			isa = PBXGroup;
			children = (
				7CC254C52B2C8C84003381AC /* StageEditor */,
				7C1F5C0329FD316300DB6438 /* AppDelegate.swift */,
				7C280F572A1ABA4E002385D7 /* AstralBitmapFont.swift */,
				7CAA6B002A02492D00EBEA1E /* AstralCollisionHandler.swift */,
				7C8D136C2A0F725700C81D85 /* AstralDialogColor.swift */,
				7C8D13622A0E7CC300C81D85 /* AstralDialogSmall.swift */,
				7C8D136A2A0F5A6500C81D85 /* AstralDialogSpeaker.swift */,
				7CD7B0102A1106FD0097B142 /* AstralDialogTextBox.swift */,
				7C26511E29FF49ED0013B36E /* AstralDirection.swift */,
				7CB67F922A4C47F600ED3333 /* AstralEffectsManager.swift */,
				7CAA6B0D2A026EEA00EBEA1E /* AstralEnemy.swift */,
				7C2D38D42B4E787700366D0D /* AstralStageEditorMenuStepper.swift */,
				7C0711F22B3B78B8009B6F48 /* AstralEnemyConfiguration.swift */,
				7C0711F42B3B79FC009B6F48 /* AstralGlobalEnemyConfiguration.swift */,
				7CAA6B1C2A03643700EBEA1E /* AstralEnemyOrder.swift */,
				7C8D13602A0E323100C81D85 /* AstralEnemyWave.swift */,
				7CD4D0F22A2560D300ECE47D /* AstralGameState.swift */,
				7CD4D0F42A2564F100ECE47D /* AstralGameStateManager.swift */,
				7C611FB02AA81F1800FC04D8 /* AstralInputHandler.swift */,
				7C26512029FF4A5C0013B36E /* AstralJoystick.swift */,
				7C24D1CD2A582C61004D1DE7 /* AstralMainMenuBackground.swift */,
				7C3D1A8D2A3F103C00643BCF /* AstralMainMenuScene.swift */,
				7CE340C02A9F2E0600C16C28 /* AstralNotifications.swift */,
				7C81E0D029FF9D92005FB6EC /* AstralParallaxBackground.swift */,
				7C81E0D229FF9E7E005FB6EC /* AstralParallaxBackgroundLayer.swift */,
				7CAA6AF52A00E0A100EBEA1E /* AstralParticleSystem.swift */,
				7CAA6AF32A00A7A700EBEA1E /* AstralPhysicsCategory.swift */,
				7C1F5C3B29FD35C800DB6438 /* AstralPlayer.swift */,
				7C1F5C3D29FD36B100DB6438 /* AstralPolarity.swift */,
				7C2583F82AB7421A0029BDDD /* AstralStageData.swift */,
				7CAA6B022A02599000EBEA1E /* AstralUnit.swift */,
				7CC2F9D929FF68C7003CA700 /* AstralWeapon.swift */,
				7CC2F9DB29FF6BDC003CA700 /* AstralWeaponAmmoType.swift */,
				7CB8B9A32B0ABCAB0055ED04 /* BottomDrawerViewController.swift */,
				7CAA6AFE2A020C5600EBEA1E /* CGPoint.swift */,
				7C1F5C0929FD316300DB6438 /* GameScene.swift */,
				7C1F5C0B29FD316300DB6438 /* GameViewController.swift */,
				7CC2F9DD29FF75FC003CA700 /* testScene.swift */,
				7C0224FD2B63C270006AB680 /* UIColor.swift */,
				7CB97F7D2B273EE1009B25F1 /* UIControl.swift */,
			);
			path = swift;
			sourceTree = "<group>";
		};
		7C26511D29FF49770013B36E /* atlas */ = {
			isa = PBXGroup;
			children = (
				7CAA6B0F2A02775700EBEA1E /* AstralEnemyType00.atlas */,
				7CAA6B162A029A1600EBEA1E /* AstralEnemyType00Hit.atlas */,
				7CAA6B082A026C6F00EBEA1E /* AstralPlayer.atlas */,
				7C81E0CE29FF9D12005FB6EC /* BackgroundStars.atlas */,
				7C37CC5A2A0BD01F00EA9DD3 /* BeamWhite00.atlas */,
				7C2AB7E22A0659C30026328A /* BeamWhite00WarmUp.atlas */,
				7C2AB7E82A06830E0026328A /* BeamWhite01WarmUp.atlas */,
				7C36D0152A07ED05005F3354 /* BeamWhite02WarmUp.atlas */,
				7C0711F62B3B7FA6009B6F48 /* fighter2.atlas */,
				7C26511B29FF49720013B36E /* Joystick.atlas */,
				7C24D1E22A595CCB004D1DE7 /* MainMenuBackground00.atlas */,
				7C24D1DC2A595CAF004D1DE7 /* MainMenuBackground01.atlas */,
				7C24D1DB2A595CAF004D1DE7 /* MainMenuBackground02.atlas */,
				7C24D1DD2A595CAF004D1DE7 /* MainMenuBackground03.atlas */,
				7C3D1A932A44418000643BCF /* MenuCursor.atlas */,
				7C6B66C72A98864300BC1BD0 /* RoughOceanSeas.atlas */,
			);
			path = atlas;
			sourceTree = "<group>";
		};
		7C280F5D2A1ABB19002385D7 /* fnt */ = {
			isa = PBXGroup;
			children = (
				7CFD76CB2A227D6500ADD505 /* munro_bitmap_0.png */,
				7C280F5A2A1ABB0C002385D7 /* munro_bitmap.fnt */,
			);
			name = fnt;
			sourceTree = "<group>";
		};
		7C280F5E2A1ABB87002385D7 /* ttf */ = {
			isa = PBXGroup;
			children = (
				7CC78B9B2A11143D0060AE54 /* Munro-2LYe.ttf */,
				7CC78B992A1113380060AE54 /* BitPotion.ttf */,
				7C8D13642A0E7EE700C81D85 /* visitor1.ttf */,
				7C8D13652A0E7EE700C81D85 /* visitor2.ttf */,
			);
			path = ttf;
			sourceTree = "<group>";
		};
		7C59CD182B461A65007FF1C2 /* Node */ = {
			isa = PBXGroup;
			children = (
				7C7070392B48FB4400DD6C29 /* AstralPathNodeActionMenu.swift */,
				7C2D38D62B4FC3BC00366D0D /* AstralPathNodeActionTurnMenu.swift */,
				7CC254C32B2C898E003381AC /* AstralPathNode.swift */,
				7CC254C72B2C8DC5003381AC /* AstralPathNodeCondition.swift */,
				7C04C9FA2B2CBF0D00E91357 /* AstralPathNodeProtocol.swift */,
			);
			path = Node;
			sourceTree = "<group>";
		};
		7C8D13682A0E7EFB00C81D85 /* font */ = {
			isa = PBXGroup;
			children = (
				7C280F5E2A1ABB87002385D7 /* ttf */,
				7C280F5D2A1ABB19002385D7 /* fnt */,
			);
			path = font;
			sourceTree = "<group>";
		};
		7CAA6AFB2A00E93500EBEA1E /* Particles */ = {
			isa = PBXGroup;
			children = (
				7CAA6AF82A00E5A100EBEA1E /* Particle.xcassets */,
				7CAA6AF72A00E5A100EBEA1E /* Thruster.sks */,
				7CA76A9C2B3194BC0099BFC8 /* BeamBuildup.sks */,
				7CA76A9D2B3194BC0099BFC8 /* Assets.xcassets */,
			);
			path = Particles;
			sourceTree = "<group>";
		};
		7CAA6B152A027ECB00EBEA1E /* shaders */ = {
			isa = PBXGroup;
			children = (
				7CAA6B132A027EC100EBEA1E /* colorShader.fsh */,
			);
			path = shaders;
			sourceTree = "<group>";
		};
		7CAA6B1B2A035D8A00EBEA1E /* audio */ = {
			isa = PBXGroup;
			children = (
				7C47DE5A2A245F0000113BF2 /* blip.wav */,
				7C37D7712A4E9B9E000364B7 /* menu_select.wav */,
				7CAA6B182A035D5A00EBEA1E /* impact00.wav */,
			);
			path = audio;
			sourceTree = "<group>";
		};
		7CC254C52B2C8C84003381AC /* StageEditor */ = {
			isa = PBXGroup;
			children = (
				7CC254C62B2C8D37003381AC /* Path */,
				7C6B66C02A97D68200BC1BD0 /* AstralParallaxBackgroundLayer2.swift */,
				7CF8BC3D2A90CB3700E904BF /* AstralParallaxBackgroundLayerPicker.swift */,
				7C6B66C52A9849B100BC1BD0 /* AstralParallaxBackgroundLayerPickerScene.swift */,
				7C338B812A6D9AAB00EC4844 /* AstralStageEditor.swift */,
				7C86902C2A7842AC00AD307F /* AstralStageEditorAction.swift */,
				7C7070372B48E87A00DD6C29 /* AstralStageEditorPopupMenu.swift */,
				7C2E14952AF4254100787152 /* AstralStageEditorState.swift */,
				7C86902A2A7763A700AD307F /* AstralStageEditorToolbar.swift */,
				7C8690262A77635700AD307F /* AstralStageEditorToolbarButton.swift */,
				7C8690282A77638900AD307F /* AstralStageEditorToolbarSubView.swift */,
				7C2583FA2ABB699C0029BDDD /* AstralStageFileManager.swift */,
			);
			path = StageEditor;
			sourceTree = "<group>";
		};
		7CC254C62B2C8D37003381AC /* Path */ = {
			isa = PBXGroup;
			children = (
				7C59CD182B461A65007FF1C2 /* Node */,
				7CDFFD562AC36CEF00AE7F8E /* AstralStageEditorPath.swift */,
				7C0224FF2B6674C1006AB680 /* AstralStageEditorPathData.swift */,
				7C92CBA22B1F4BFB00730C39 /* AstralStageEditorPathInputHandler.swift */,
				7C2E14932AF1824E00787152 /* AstralStageEditorPathManager.swift */,
				7CD4B7512B02355600E84B1B /* AstralStageEditorPathManagerViewController.swift */,
				7C59CD162B44EE94007FF1C2 /* AstralStageEditorPathNodeTypeMenu.swift */,
				7C69DFE02AC6C988000C3D29 /* AstralStageEditorPathRenderer.swift */,
			);
			path = Path;
			sourceTree = "<group>";
		};
/* End PBXGroup section */

/* Begin PBXNativeTarget section */
		7C1F5BFF29FD316300DB6438 /* astral */ = {
			isa = PBXNativeTarget;
			buildConfigurationList = 7C1F5C2D29FD316400DB6438 /* Build configuration list for PBXNativeTarget "astral" */;
			buildPhases = (
				7C1F5BFC29FD316300DB6438 /* Sources */,
				7C1F5BFD29FD316300DB6438 /* Frameworks */,
				7C1F5BFE29FD316300DB6438 /* Resources */,
			);
			buildRules = (
			);
			dependencies = (
			);
			name = astral;
			productName = astral;
			productReference = 7C1F5C0029FD316300DB6438 /* astral.app */;
			productType = "com.apple.product-type.application";
		};
		7C1F5C1829FD316400DB6438 /* astralTests */ = {
			isa = PBXNativeTarget;
			buildConfigurationList = 7C1F5C3029FD316400DB6438 /* Build configuration list for PBXNativeTarget "astralTests" */;
			buildPhases = (
				7C1F5C1529FD316400DB6438 /* Sources */,
				7C1F5C1629FD316400DB6438 /* Frameworks */,
				7C1F5C1729FD316400DB6438 /* Resources */,
			);
			buildRules = (
			);
			dependencies = (
				7C1F5C1B29FD316400DB6438 /* PBXTargetDependency */,
			);
			name = astralTests;
			productName = astralTests;
			productReference = 7C1F5C1929FD316400DB6438 /* astralTests.xctest */;
			productType = "com.apple.product-type.bundle.unit-test";
		};
		7C1F5C2229FD316400DB6438 /* astralUITests */ = {
			isa = PBXNativeTarget;
			buildConfigurationList = 7C1F5C3329FD316400DB6438 /* Build configuration list for PBXNativeTarget "astralUITests" */;
			buildPhases = (
				7C1F5C1F29FD316400DB6438 /* Sources */,
				7C1F5C2029FD316400DB6438 /* Frameworks */,
				7C1F5C2129FD316400DB6438 /* Resources */,
			);
			buildRules = (
			);
			dependencies = (
				7C1F5C2529FD316400DB6438 /* PBXTargetDependency */,
			);
			name = astralUITests;
			productName = astralUITests;
			productReference = 7C1F5C2329FD316400DB6438 /* astralUITests.xctest */;
			productType = "com.apple.product-type.bundle.ui-testing";
		};
/* End PBXNativeTarget section */

/* Begin PBXProject section */
		7C1F5BF829FD316300DB6438 /* Project object */ = {
			isa = PBXProject;
			attributes = {
				BuildIndependentTargetsInParallel = 1;
				KnownAssetTags = (
					New,
				);
				LastSwiftUpdateCheck = 1430;
				LastUpgradeCheck = 1430;
				TargetAttributes = {
					7C1F5BFF29FD316300DB6438 = {
						CreatedOnToolsVersion = 14.3;
					};
					7C1F5C1829FD316400DB6438 = {
						CreatedOnToolsVersion = 14.3;
						TestTargetID = 7C1F5BFF29FD316300DB6438;
					};
					7C1F5C2229FD316400DB6438 = {
						CreatedOnToolsVersion = 14.3;
						TestTargetID = 7C1F5BFF29FD316300DB6438;
					};
				};
			};
			buildConfigurationList = 7C1F5BFB29FD316300DB6438 /* Build configuration list for PBXProject "astral" */;
			compatibilityVersion = "Xcode 14.0";
			developmentRegion = en;
			hasScannedForEncodings = 0;
			knownRegions = (
				en,
				Base,
			);
			mainGroup = 7C1F5BF729FD316300DB6438;
			packageReferences = (
			);
			productRefGroup = 7C1F5C0129FD316300DB6438 /* Products */;
			projectDirPath = "";
			projectRoot = "";
			targets = (
				7C1F5BFF29FD316300DB6438 /* astral */,
				7C1F5C1829FD316400DB6438 /* astralTests */,
				7C1F5C2229FD316400DB6438 /* astralUITests */,
			);
		};
/* End PBXProject section */

/* Begin PBXResourcesBuildPhase section */
		7C1F5BFE29FD316300DB6438 /* Resources */ = {
			isa = PBXResourcesBuildPhase;
			buildActionMask = 2147483647;
			files = (
				7C0711F72B3B7FA6009B6F48 /* fighter2.atlas in Resources */,
				7CAA6B142A027EC100EBEA1E /* colorShader.fsh in Resources */,
				7C1F5C0F29FD316300DB6438 /* Main.storyboard in Resources */,
				7C280F5C2A1ABB0C002385D7 /* munro_bitmap.fnt in Resources */,
				7C37CC5B2A0BD01F00EA9DD3 /* BeamWhite00.atlas in Resources */,
				7C24D1DF2A595CAF004D1DE7 /* MainMenuBackground02.atlas in Resources */,
				7CAA6B172A029A1600EBEA1E /* AstralEnemyType00Hit.atlas in Resources */,
				7CA76A9F2B3194BC0099BFC8 /* Assets.xcassets in Resources */,
				7C24D1E12A595CAF004D1DE7 /* MainMenuBackground03.atlas in Resources */,
				7CA76A9E2B3194BC0099BFC8 /* BeamBuildup.sks in Resources */,
				7C24D1E32A595CCB004D1DE7 /* MainMenuBackground00.atlas in Resources */,
				7CC78B9C2A11143D0060AE54 /* Munro-2LYe.ttf in Resources */,
				7C2AB7E32A0659C30026328A /* BeamWhite00WarmUp.atlas in Resources */,
				7C2AB7E92A06830E0026328A /* BeamWhite01WarmUp.atlas in Resources */,
				7C1F5C3A29FD326E00DB6438 /* GameScene.sks in Resources */,
				7CAA6B192A035D5A00EBEA1E /* impact00.wav in Resources */,
				7C37D7722A4E9B9E000364B7 /* menu_select.wav in Resources */,
				7C6B66C82A98864300BC1BD0 /* RoughOceanSeas.atlas in Resources */,
				7C8D13662A0E7EE700C81D85 /* visitor1.ttf in Resources */,
				7C26511C29FF49720013B36E /* Joystick.atlas in Resources */,
				7C8D13672A0E7EE700C81D85 /* visitor2.ttf in Resources */,
				7CAA6B102A02775700EBEA1E /* AstralEnemyType00.atlas in Resources */,
				7C24D1E02A595CAF004D1DE7 /* MainMenuBackground01.atlas in Resources */,
				7CAA6AFA2A00E5A100EBEA1E /* Particle.xcassets in Resources */,
				7C47DE5B2A245F0000113BF2 /* blip.wav in Resources */,
				7C3D1A942A44418000643BCF /* MenuCursor.atlas in Resources */,
				7CAA6AF92A00E5A100EBEA1E /* Thruster.sks in Resources */,
				7C36D0162A07ED05005F3354 /* BeamWhite02WarmUp.atlas in Resources */,
				7CFD76CC2A227D6500ADD505 /* munro_bitmap_0.png in Resources */,
				7C1F5C1129FD316400DB6438 /* Assets.xcassets in Resources */,
				7CC78B9A2A1113380060AE54 /* BitPotion.ttf in Resources */,
				7C81E0CF29FF9D12005FB6EC /* BackgroundStars.atlas in Resources */,
				7CAA6B092A026C6F00EBEA1E /* AstralPlayer.atlas in Resources */,
				7C1F5C1429FD316400DB6438 /* LaunchScreen.storyboard in Resources */,
				7C1F5C0829FD316300DB6438 /* Actions.sks in Resources */,
			);
			runOnlyForDeploymentPostprocessing = 0;
		};
		7C1F5C1729FD316400DB6438 /* Resources */ = {
			isa = PBXResourcesBuildPhase;
			buildActionMask = 2147483647;
			files = (
			);
			runOnlyForDeploymentPostprocessing = 0;
		};
		7C1F5C2129FD316400DB6438 /* Resources */ = {
			isa = PBXResourcesBuildPhase;
			buildActionMask = 2147483647;
			files = (
			);
			runOnlyForDeploymentPostprocessing = 0;
		};
/* End PBXResourcesBuildPhase section */

/* Begin PBXSourcesBuildPhase section */
		7C1F5BFC29FD316300DB6438 /* Sources */ = {
			isa = PBXSourcesBuildPhase;
			buildActionMask = 2147483647;
			files = (
				7C8D136D2A0F725700C81D85 /* AstralDialogColor.swift in Sources */,
				7C0224FE2B63C270006AB680 /* UIColor.swift in Sources */,
				7C2583FB2ABB699C0029BDDD /* AstralStageFileManager.swift in Sources */,
				7CC2F9DE29FF75FC003CA700 /* testScene.swift in Sources */,
				7CD4D0F32A2560D300ECE47D /* AstralGameState.swift in Sources */,
				7C0711F52B3B79FC009B6F48 /* AstralGlobalEnemyConfiguration.swift in Sources */,
				7CF8BC3E2A90CB3700E904BF /* AstralParallaxBackgroundLayerPicker.swift in Sources */,
				7C81E0D129FF9D92005FB6EC /* AstralParallaxBackground.swift in Sources */,
				7C24D1CE2A582C61004D1DE7 /* AstralMainMenuBackground.swift in Sources */,
				7C92CBA32B1F4BFB00730C39 /* AstralStageEditorPathInputHandler.swift in Sources */,
				7C8D136B2A0F5A6500C81D85 /* AstralDialogSpeaker.swift in Sources */,
				7C0225002B6674C1006AB680 /* AstralStageEditorPathData.swift in Sources */,
				7CB8B9A42B0ABCAB0055ED04 /* BottomDrawerViewController.swift in Sources */,
				7CAA6AF42A00A7A700EBEA1E /* AstralPhysicsCategory.swift in Sources */,
				7C86902B2A7763A700AD307F /* AstralStageEditorToolbar.swift in Sources */,
				7C70703A2B48FB4400DD6C29 /* AstralPathNodeActionMenu.swift in Sources */,
				7C1F5C3C29FD35C800DB6438 /* AstralPlayer.swift in Sources */,
				7CC794DB2AAF3C3C00B29230 /* GameScene.swift in Sources */,
				7CAA6B032A02599000EBEA1E /* AstralUnit.swift in Sources */,
				7C1F5C0C29FD316300DB6438 /* GameViewController.swift in Sources */,
				7C2D38D52B4E787700366D0D /* AstralStageEditorMenuStepper.swift in Sources */,
				7C2E14962AF4254100787152 /* AstralStageEditorState.swift in Sources */,
				7C8D13612A0E323100C81D85 /* AstralEnemyWave.swift in Sources */,
				7C2583F92AB7421A0029BDDD /* AstralStageData.swift in Sources */,
				7C1F5C3E29FD36B100DB6438 /* AstralPolarity.swift in Sources */,
				7CE340C12A9F2E0700C16C28 /* AstralNotifications.swift in Sources */,
				7C59CD172B44EE94007FF1C2 /* AstralStageEditorPathNodeTypeMenu.swift in Sources */,
				7CB97F7E2B273EE1009B25F1 /* UIControl.swift in Sources */,
				7CD4B7522B02355600E84B1B /* AstralStageEditorPathManagerViewController.swift in Sources */,
				7C8690292A77638900AD307F /* AstralStageEditorToolbarSubView.swift in Sources */,
				7C6B66C62A9849B100BC1BD0 /* AstralParallaxBackgroundLayerPickerScene.swift in Sources */,
				7C1F5C0429FD316300DB6438 /* AppDelegate.swift in Sources */,
				7C7070382B48E87A00DD6C29 /* AstralStageEditorPopupMenu.swift in Sources */,
				7CAA6B1D2A03643700EBEA1E /* AstralEnemyOrder.swift in Sources */,
				7C26511F29FF49ED0013B36E /* AstralDirection.swift in Sources */,
				7CC254C42B2C898E003381AC /* AstralPathNode.swift in Sources */,
				7C8690272A77635700AD307F /* AstralStageEditorToolbarButton.swift in Sources */,
				7C69DFE12AC6C988000C3D29 /* AstralStageEditorPathRenderer.swift in Sources */,
				7CC2F9DA29FF68C7003CA700 /* AstralWeapon.swift in Sources */,
				7CB67F932A4C47F600ED3333 /* AstralEffectsManager.swift in Sources */,
				7C611FB12AA81F1800FC04D8 /* AstralInputHandler.swift in Sources */,
				7C3D1A8E2A3F103C00643BCF /* AstralMainMenuScene.swift in Sources */,
				7C8D13632A0E7CC300C81D85 /* AstralDialogSmall.swift in Sources */,
				7C2E14942AF1824E00787152 /* AstralStageEditorPathManager.swift in Sources */,
				7CAA6B012A02492D00EBEA1E /* AstralCollisionHandler.swift in Sources */,
				7CD7B0112A1106FD0097B142 /* AstralDialogTextBox.swift in Sources */,
				7CAA6B0E2A026EEA00EBEA1E /* AstralEnemy.swift in Sources */,
				7C26512129FF4A5C0013B36E /* AstralJoystick.swift in Sources */,
				7CAA6AFF2A020C5600EBEA1E /* CGPoint.swift in Sources */,
				7C81E0D329FF9E7E005FB6EC /* AstralParallaxBackgroundLayer.swift in Sources */,
				7C86902D2A7842AC00AD307F /* AstralStageEditorAction.swift in Sources */,
				7CDFFD572AC36CEF00AE7F8E /* AstralStageEditorPath.swift in Sources */,
				7CC2F9DC29FF6BDC003CA700 /* AstralWeaponAmmoType.swift in Sources */,
				7C0711F32B3B78B8009B6F48 /* AstralEnemyConfiguration.swift in Sources */,
				7C04C9FB2B2CBF0D00E91357 /* AstralPathNodeProtocol.swift in Sources */,
				7C280F582A1ABA4E002385D7 /* AstralBitmapFont.swift in Sources */,
				7C2D38D72B4FC3BC00366D0D /* AstralPathNodeActionTurnMenu.swift in Sources */,
				7CAA6AF62A00E0A100EBEA1E /* AstralParticleSystem.swift in Sources */,
				7C338B822A6D9AAB00EC4844 /* AstralStageEditor.swift in Sources */,
				7CC254C82B2C8DC5003381AC /* AstralPathNodeCondition.swift in Sources */,
				7C6B66C12A97D68200BC1BD0 /* AstralParallaxBackgroundLayer2.swift in Sources */,
				7CD4D0F52A2564F100ECE47D /* AstralGameStateManager.swift in Sources */,
			);
			runOnlyForDeploymentPostprocessing = 0;
		};
		7C1F5C1529FD316400DB6438 /* Sources */ = {
			isa = PBXSourcesBuildPhase;
			buildActionMask = 2147483647;
			files = (
				7C1F5C1E29FD316400DB6438 /* astralTests.swift in Sources */,
			);
			runOnlyForDeploymentPostprocessing = 0;
		};
		7C1F5C1F29FD316400DB6438 /* Sources */ = {
			isa = PBXSourcesBuildPhase;
			buildActionMask = 2147483647;
			files = (
				7C1F5C2829FD316400DB6438 /* astralUITests.swift in Sources */,
				7C1F5C2A29FD316400DB6438 /* astralUITestsLaunchTests.swift in Sources */,
			);
			runOnlyForDeploymentPostprocessing = 0;
		};
/* End PBXSourcesBuildPhase section */

/* Begin PBXTargetDependency section */
		7C1F5C1B29FD316400DB6438 /* PBXTargetDependency */ = {
			isa = PBXTargetDependency;
			target = 7C1F5BFF29FD316300DB6438 /* astral */;
			targetProxy = 7C1F5C1A29FD316400DB6438 /* PBXContainerItemProxy */;
		};
		7C1F5C2529FD316400DB6438 /* PBXTargetDependency */ = {
			isa = PBXTargetDependency;
			target = 7C1F5BFF29FD316300DB6438 /* astral */;
			targetProxy = 7C1F5C2429FD316400DB6438 /* PBXContainerItemProxy */;
		};
/* End PBXTargetDependency section */

/* Begin PBXVariantGroup section */
		7C1F5C0D29FD316300DB6438 /* Main.storyboard */ = {
			isa = PBXVariantGroup;
			children = (
				7C1F5C0E29FD316300DB6438 /* Base */,
			);
			name = Main.storyboard;
			sourceTree = "<group>";
		};
		7C1F5C1229FD316400DB6438 /* LaunchScreen.storyboard */ = {
			isa = PBXVariantGroup;
			children = (
				7C1F5C1329FD316400DB6438 /* Base */,
			);
			name = LaunchScreen.storyboard;
			sourceTree = "<group>";
		};
/* End PBXVariantGroup section */

/* Begin XCBuildConfiguration section */
		7C1F5C2B29FD316400DB6438 /* Debug */ = {
			isa = XCBuildConfiguration;
			buildSettings = {
				ALWAYS_SEARCH_USER_PATHS = NO;
				CLANG_ANALYZER_NONNULL = YES;
				CLANG_ANALYZER_NUMBER_OBJECT_CONVERSION = YES_AGGRESSIVE;
				CLANG_CXX_LANGUAGE_STANDARD = "gnu++20";
				CLANG_ENABLE_MODULES = YES;
				CLANG_ENABLE_OBJC_ARC = YES;
				CLANG_ENABLE_OBJC_WEAK = YES;
				CLANG_WARN_BLOCK_CAPTURE_AUTORELEASING = YES;
				CLANG_WARN_BOOL_CONVERSION = YES;
				CLANG_WARN_COMMA = YES;
				CLANG_WARN_CONSTANT_CONVERSION = YES;
				CLANG_WARN_DEPRECATED_OBJC_IMPLEMENTATIONS = YES;
				CLANG_WARN_DIRECT_OBJC_ISA_USAGE = YES_ERROR;
				CLANG_WARN_DOCUMENTATION_COMMENTS = YES;
				CLANG_WARN_EMPTY_BODY = YES;
				CLANG_WARN_ENUM_CONVERSION = YES;
				CLANG_WARN_INFINITE_RECURSION = YES;
				CLANG_WARN_INT_CONVERSION = YES;
				CLANG_WARN_NON_LITERAL_NULL_CONVERSION = YES;
				CLANG_WARN_OBJC_IMPLICIT_RETAIN_SELF = YES;
				CLANG_WARN_OBJC_LITERAL_CONVERSION = YES;
				CLANG_WARN_OBJC_ROOT_CLASS = YES_ERROR;
				CLANG_WARN_QUOTED_INCLUDE_IN_FRAMEWORK_HEADER = YES;
				CLANG_WARN_RANGE_LOOP_ANALYSIS = YES;
				CLANG_WARN_STRICT_PROTOTYPES = YES;
				CLANG_WARN_SUSPICIOUS_MOVE = YES;
				CLANG_WARN_UNGUARDED_AVAILABILITY = YES_AGGRESSIVE;
				CLANG_WARN_UNREACHABLE_CODE = YES;
				CLANG_WARN__DUPLICATE_METHOD_MATCH = YES;
				COPY_PHASE_STRIP = NO;
				DEBUG_INFORMATION_FORMAT = dwarf;
				ENABLE_STRICT_OBJC_MSGSEND = YES;
				ENABLE_TESTABILITY = YES;
				GCC_C_LANGUAGE_STANDARD = gnu11;
				GCC_DYNAMIC_NO_PIC = NO;
				GCC_NO_COMMON_BLOCKS = YES;
				GCC_OPTIMIZATION_LEVEL = 0;
				GCC_PREPROCESSOR_DEFINITIONS = (
					"DEBUG=1",
					"$(inherited)",
				);
				GCC_WARN_64_TO_32_BIT_CONVERSION = YES;
				GCC_WARN_ABOUT_RETURN_TYPE = YES_ERROR;
				GCC_WARN_UNDECLARED_SELECTOR = YES;
				GCC_WARN_UNINITIALIZED_AUTOS = YES_AGGRESSIVE;
				GCC_WARN_UNUSED_FUNCTION = YES;
				GCC_WARN_UNUSED_VARIABLE = YES;
				IPHONEOS_DEPLOYMENT_TARGET = 16.4;
				MTL_ENABLE_DEBUG_INFO = INCLUDE_SOURCE;
				MTL_FAST_MATH = YES;
				ONLY_ACTIVE_ARCH = YES;
				SDKROOT = iphoneos;
				SWIFT_ACTIVE_COMPILATION_CONDITIONS = DEBUG;
				SWIFT_OPTIMIZATION_LEVEL = "-Onone";
			};
			name = Debug;
		};
		7C1F5C2C29FD316400DB6438 /* Release */ = {
			isa = XCBuildConfiguration;
			buildSettings = {
				ALWAYS_SEARCH_USER_PATHS = NO;
				CLANG_ANALYZER_NONNULL = YES;
				CLANG_ANALYZER_NUMBER_OBJECT_CONVERSION = YES_AGGRESSIVE;
				CLANG_CXX_LANGUAGE_STANDARD = "gnu++20";
				CLANG_ENABLE_MODULES = YES;
				CLANG_ENABLE_OBJC_ARC = YES;
				CLANG_ENABLE_OBJC_WEAK = YES;
				CLANG_WARN_BLOCK_CAPTURE_AUTORELEASING = YES;
				CLANG_WARN_BOOL_CONVERSION = YES;
				CLANG_WARN_COMMA = YES;
				CLANG_WARN_CONSTANT_CONVERSION = YES;
				CLANG_WARN_DEPRECATED_OBJC_IMPLEMENTATIONS = YES;
				CLANG_WARN_DIRECT_OBJC_ISA_USAGE = YES_ERROR;
				CLANG_WARN_DOCUMENTATION_COMMENTS = YES;
				CLANG_WARN_EMPTY_BODY = YES;
				CLANG_WARN_ENUM_CONVERSION = YES;
				CLANG_WARN_INFINITE_RECURSION = YES;
				CLANG_WARN_INT_CONVERSION = YES;
				CLANG_WARN_NON_LITERAL_NULL_CONVERSION = YES;
				CLANG_WARN_OBJC_IMPLICIT_RETAIN_SELF = YES;
				CLANG_WARN_OBJC_LITERAL_CONVERSION = YES;
				CLANG_WARN_OBJC_ROOT_CLASS = YES_ERROR;
				CLANG_WARN_QUOTED_INCLUDE_IN_FRAMEWORK_HEADER = YES;
				CLANG_WARN_RANGE_LOOP_ANALYSIS = YES;
				CLANG_WARN_STRICT_PROTOTYPES = YES;
				CLANG_WARN_SUSPICIOUS_MOVE = YES;
				CLANG_WARN_UNGUARDED_AVAILABILITY = YES_AGGRESSIVE;
				CLANG_WARN_UNREACHABLE_CODE = YES;
				CLANG_WARN__DUPLICATE_METHOD_MATCH = YES;
				COPY_PHASE_STRIP = NO;
				DEBUG_INFORMATION_FORMAT = "dwarf-with-dsym";
				ENABLE_NS_ASSERTIONS = NO;
				ENABLE_STRICT_OBJC_MSGSEND = YES;
				GCC_C_LANGUAGE_STANDARD = gnu11;
				GCC_NO_COMMON_BLOCKS = YES;
				GCC_WARN_64_TO_32_BIT_CONVERSION = YES;
				GCC_WARN_ABOUT_RETURN_TYPE = YES_ERROR;
				GCC_WARN_UNDECLARED_SELECTOR = YES;
				GCC_WARN_UNINITIALIZED_AUTOS = YES_AGGRESSIVE;
				GCC_WARN_UNUSED_FUNCTION = YES;
				GCC_WARN_UNUSED_VARIABLE = YES;
				IPHONEOS_DEPLOYMENT_TARGET = 16.4;
				MTL_ENABLE_DEBUG_INFO = NO;
				MTL_FAST_MATH = YES;
				SDKROOT = iphoneos;
				SWIFT_COMPILATION_MODE = wholemodule;
				SWIFT_OPTIMIZATION_LEVEL = "-O";
				VALIDATE_PRODUCT = YES;
			};
			name = Release;
		};
		7C1F5C2E29FD316400DB6438 /* Debug */ = {
			isa = XCBuildConfiguration;
			buildSettings = {
				ASSETCATALOG_COMPILER_APPICON_NAME = AppIcon;
				ASSETCATALOG_COMPILER_GLOBAL_ACCENT_COLOR_NAME = AccentColor;
				CODE_SIGN_STYLE = Automatic;
				CURRENT_PROJECT_VERSION = 1;
				DEVELOPMENT_TEAM = CNEE5Q5EX5;
				GENERATE_INFOPLIST_FILE = YES;
				INFOPLIST_FILE = astral/Info.plist;
				INFOPLIST_KEY_UIApplicationSupportsIndirectInputEvents = YES;
				INFOPLIST_KEY_UILaunchStoryboardName = LaunchScreen;
				INFOPLIST_KEY_UIMainStoryboardFile = Main;
				INFOPLIST_KEY_UIStatusBarHidden = YES;
				INFOPLIST_KEY_UISupportedInterfaceOrientations_iPad = "UIInterfaceOrientationPortrait UIInterfaceOrientationPortraitUpsideDown UIInterfaceOrientationLandscapeLeft UIInterfaceOrientationLandscapeRight";
				INFOPLIST_KEY_UISupportedInterfaceOrientations_iPhone = "UIInterfaceOrientationPortrait UIInterfaceOrientationLandscapeLeft UIInterfaceOrientationLandscapeRight";
				IPHONEOS_DEPLOYMENT_TARGET = 15.3;
				LD_RUNPATH_SEARCH_PATHS = (
					"$(inherited)",
					"@executable_path/Frameworks",
				);
				MARKETING_VERSION = 1.0;
				PRODUCT_BUNDLE_IDENTIFIER = personal.astral;
				PRODUCT_NAME = "$(TARGET_NAME)";
				SWIFT_EMIT_LOC_STRINGS = YES;
				SWIFT_VERSION = 5.0;
				TARGETED_DEVICE_FAMILY = "1,2";
			};
			name = Debug;
		};
		7C1F5C2F29FD316400DB6438 /* Release */ = {
			isa = XCBuildConfiguration;
			buildSettings = {
				ASSETCATALOG_COMPILER_APPICON_NAME = AppIcon;
				ASSETCATALOG_COMPILER_GLOBAL_ACCENT_COLOR_NAME = AccentColor;
				CODE_SIGN_STYLE = Automatic;
				CURRENT_PROJECT_VERSION = 1;
				DEVELOPMENT_TEAM = CNEE5Q5EX5;
				GENERATE_INFOPLIST_FILE = YES;
				INFOPLIST_FILE = astral/Info.plist;
				INFOPLIST_KEY_UIApplicationSupportsIndirectInputEvents = YES;
				INFOPLIST_KEY_UILaunchStoryboardName = LaunchScreen;
				INFOPLIST_KEY_UIMainStoryboardFile = Main;
				INFOPLIST_KEY_UIStatusBarHidden = YES;
				INFOPLIST_KEY_UISupportedInterfaceOrientations_iPad = "UIInterfaceOrientationPortrait UIInterfaceOrientationPortraitUpsideDown UIInterfaceOrientationLandscapeLeft UIInterfaceOrientationLandscapeRight";
				INFOPLIST_KEY_UISupportedInterfaceOrientations_iPhone = "UIInterfaceOrientationPortrait UIInterfaceOrientationLandscapeLeft UIInterfaceOrientationLandscapeRight";
				IPHONEOS_DEPLOYMENT_TARGET = 15.3;
				LD_RUNPATH_SEARCH_PATHS = (
					"$(inherited)",
					"@executable_path/Frameworks",
				);
				MARKETING_VERSION = 1.0;
				PRODUCT_BUNDLE_IDENTIFIER = personal.astral;
				PRODUCT_NAME = "$(TARGET_NAME)";
				SWIFT_EMIT_LOC_STRINGS = YES;
				SWIFT_VERSION = 5.0;
				TARGETED_DEVICE_FAMILY = "1,2";
			};
			name = Release;
		};
		7C1F5C3129FD316400DB6438 /* Debug */ = {
			isa = XCBuildConfiguration;
			buildSettings = {
				ALWAYS_EMBED_SWIFT_STANDARD_LIBRARIES = YES;
				BUNDLE_LOADER = "$(TEST_HOST)";
				CODE_SIGN_STYLE = Automatic;
				CURRENT_PROJECT_VERSION = 1;
				DEVELOPMENT_TEAM = CNEE5Q5EX5;
				GENERATE_INFOPLIST_FILE = YES;
				IPHONEOS_DEPLOYMENT_TARGET = 16.4;
				MARKETING_VERSION = 1.0;
				PRODUCT_BUNDLE_IDENTIFIER = personal.astralTests;
				PRODUCT_NAME = "$(TARGET_NAME)";
				SWIFT_EMIT_LOC_STRINGS = NO;
				SWIFT_VERSION = 5.0;
				TARGETED_DEVICE_FAMILY = "1,2";
				TEST_HOST = "$(BUILT_PRODUCTS_DIR)/astral.app/$(BUNDLE_EXECUTABLE_FOLDER_PATH)/astral";
			};
			name = Debug;
		};
		7C1F5C3229FD316400DB6438 /* Release */ = {
			isa = XCBuildConfiguration;
			buildSettings = {
				ALWAYS_EMBED_SWIFT_STANDARD_LIBRARIES = YES;
				BUNDLE_LOADER = "$(TEST_HOST)";
				CODE_SIGN_STYLE = Automatic;
				CURRENT_PROJECT_VERSION = 1;
				DEVELOPMENT_TEAM = CNEE5Q5EX5;
				GENERATE_INFOPLIST_FILE = YES;
				IPHONEOS_DEPLOYMENT_TARGET = 16.4;
				MARKETING_VERSION = 1.0;
				PRODUCT_BUNDLE_IDENTIFIER = personal.astralTests;
				PRODUCT_NAME = "$(TARGET_NAME)";
				SWIFT_EMIT_LOC_STRINGS = NO;
				SWIFT_VERSION = 5.0;
				TARGETED_DEVICE_FAMILY = "1,2";
				TEST_HOST = "$(BUILT_PRODUCTS_DIR)/astral.app/$(BUNDLE_EXECUTABLE_FOLDER_PATH)/astral";
			};
			name = Release;
		};
		7C1F5C3429FD316400DB6438 /* Debug */ = {
			isa = XCBuildConfiguration;
			buildSettings = {
				ALWAYS_EMBED_SWIFT_STANDARD_LIBRARIES = YES;
				CODE_SIGN_STYLE = Automatic;
				CURRENT_PROJECT_VERSION = 1;
				DEVELOPMENT_TEAM = CNEE5Q5EX5;
				GENERATE_INFOPLIST_FILE = YES;
				MARKETING_VERSION = 1.0;
				PRODUCT_BUNDLE_IDENTIFIER = personal.astralUITests;
				PRODUCT_NAME = "$(TARGET_NAME)";
				SWIFT_EMIT_LOC_STRINGS = NO;
				SWIFT_VERSION = 5.0;
				TARGETED_DEVICE_FAMILY = "1,2";
				TEST_TARGET_NAME = astral;
			};
			name = Debug;
		};
		7C1F5C3529FD316400DB6438 /* Release */ = {
			isa = XCBuildConfiguration;
			buildSettings = {
				ALWAYS_EMBED_SWIFT_STANDARD_LIBRARIES = YES;
				CODE_SIGN_STYLE = Automatic;
				CURRENT_PROJECT_VERSION = 1;
				DEVELOPMENT_TEAM = CNEE5Q5EX5;
				GENERATE_INFOPLIST_FILE = YES;
				MARKETING_VERSION = 1.0;
				PRODUCT_BUNDLE_IDENTIFIER = personal.astralUITests;
				PRODUCT_NAME = "$(TARGET_NAME)";
				SWIFT_EMIT_LOC_STRINGS = NO;
				SWIFT_VERSION = 5.0;
				TARGETED_DEVICE_FAMILY = "1,2";
				TEST_TARGET_NAME = astral;
			};
			name = Release;
		};
/* End XCBuildConfiguration section */

/* Begin XCConfigurationList section */
		7C1F5BFB29FD316300DB6438 /* Build configuration list for PBXProject "astral" */ = {
			isa = XCConfigurationList;
			buildConfigurations = (
				7C1F5C2B29FD316400DB6438 /* Debug */,
				7C1F5C2C29FD316400DB6438 /* Release */,
			);
			defaultConfigurationIsVisible = 0;
			defaultConfigurationName = Release;
		};
		7C1F5C2D29FD316400DB6438 /* Build configuration list for PBXNativeTarget "astral" */ = {
			isa = XCConfigurationList;
			buildConfigurations = (
				7C1F5C2E29FD316400DB6438 /* Debug */,
				7C1F5C2F29FD316400DB6438 /* Release */,
			);
			defaultConfigurationIsVisible = 0;
			defaultConfigurationName = Release;
		};
		7C1F5C3029FD316400DB6438 /* Build configuration list for PBXNativeTarget "astralTests" */ = {
			isa = XCConfigurationList;
			buildConfigurations = (
				7C1F5C3129FD316400DB6438 /* Debug */,
				7C1F5C3229FD316400DB6438 /* Release */,
			);
			defaultConfigurationIsVisible = 0;
			defaultConfigurationName = Release;
		};
		7C1F5C3329FD316400DB6438 /* Build configuration list for PBXNativeTarget "astralUITests" */ = {
			isa = XCConfigurationList;
			buildConfigurations = (
				7C1F5C3429FD316400DB6438 /* Debug */,
				7C1F5C3529FD316400DB6438 /* Release */,
			);
			defaultConfigurationIsVisible = 0;
			defaultConfigurationName = Release;
		};
/* End XCConfigurationList section */
	};
	rootObject = 7C1F5BF829FD316300DB6438 /* Project object */;
}
